
Microsoft Visual Studio Solution File, Format Version 12.00
# Visual Studio Version 17
VisualStudioVersion = 17.5.002.0
MinimumVisualStudioVersion = 10.0.40219.1
Project("{2150E333-8FDC-42A3-9474-1A3956D46DE8}") = "src", "src", "{DA519AAF-6C18-4109-8F15-3B6BAE709CE2}"
EndProject
Project("{9A19103F-16F7-4668-BE54-9A1E7A4F7556}") = "PeakAMap", "src\PeakAMap\PeakAMap.csproj", "{153786A4-3D94-4138-9868-6CC165D51C52}"
EndProject
Global
	GlobalSection(SolutionConfigurationPlatforms) = preSolution
		Debug|Any CPU = Debug|Any CPU
		Release|Any CPU = Release|Any CPU
	EndGlobalSection
	GlobalSection(ProjectConfigurationPlatforms) = postSolution
		{153786A4-3D94-4138-9868-6CC165D51C52}.Debug|Any CPU.ActiveCfg = Debug|Any CPU
		{153786A4-3D94-4138-9868-6CC165D51C52}.Debug|Any CPU.Build.0 = Debug|Any CPU
		{153786A4-3D94-4138-9868-6CC165D51C52}.Release|Any CPU.ActiveCfg = Release|Any CPU
		{153786A4-3D94-4138-9868-6CC165D51C52}.Release|Any CPU.Build.0 = Release|Any CPU
	EndGlobalSection
	GlobalSection(SolutionProperties) = preSolution
		HideSolutionNode = FALSE
	EndGlobalSection
	GlobalSection(NestedProjects) = preSolution
		{153786A4-3D94-4138-9868-6CC165D51C52} = {DA519AAF-6C18-4109-8F15-3B6BAE709CE2}
	EndGlobalSection
	GlobalSection(ExtensibilityGlobals) = postSolution
		SolutionGuid = {92F6D475-68F0-44D6-A1AF-A28F5948E381}
	EndGlobalSection
EndGlobal
